// !$*UTF8*$!
{
	archiveVersion = 1;
	classes = {
	};
	objectVersion = 56;
	objects = {

/* Begin PBXBuildFile section */
		5F1F38672AF600EE0003BA8D /* Vector2D.cpp in Sources */ = {isa = PBXBuildFile; fileRef = 5F1F38652AF600EE0003BA8D /* Vector2D.cpp */; };
		5F1F386B2AF64C6D0003BA8D /* UnitTest.cpp in Sources */ = {isa = PBXBuildFile; fileRef = 5F1F38692AF64C6D0003BA8D /* UnitTest.cpp */; };
		5F1F386E2AF66E430003BA8D /* TestCase.cpp in Sources */ = {isa = PBXBuildFile; fileRef = 5F1F386C2AF66E430003BA8D /* TestCase.cpp */; };
		5F1F38702AF680240003BA8D /* Vector2DTest.cpp in Sources */ = {isa = PBXBuildFile; fileRef = 5F1F386F2AF680240003BA8D /* Vector2DTest.cpp */; };
		5F25A90F2AEE632D00A87254 /* main.cpp in Sources */ = {isa = PBXBuildFile; fileRef = 5F25A90E2AEE632D00A87254 /* main.cpp */; };
/* End PBXBuildFile section */

/* Begin PBXCopyFilesBuildPhase section */
		5F25A9092AEE632D00A87254 /* CopyFiles */ = {
			isa = PBXCopyFilesBuildPhase;
			buildActionMask = 2147483647;
			dstPath = /usr/share/man/man1/;
			dstSubfolderSpec = 0;
			files = (
			);
			runOnlyForDeploymentPostprocessing = 1;
		};
/* End PBXCopyFilesBuildPhase section */

/* Begin PBXFileReference section */
		5F1F38652AF600EE0003BA8D /* Vector2D.cpp */ = {isa = PBXFileReference; lastKnownFileType = sourcecode.cpp.cpp; path = Vector2D.cpp; sourceTree = "<group>"; };
		5F1F38662AF600EE0003BA8D /* Vector2D.hpp */ = {isa = PBXFileReference; lastKnownFileType = sourcecode.cpp.h; path = Vector2D.hpp; sourceTree = "<group>"; };
		5F1F38692AF64C6D0003BA8D /* UnitTest.cpp */ = {isa = PBXFileReference; lastKnownFileType = sourcecode.cpp.cpp; path = UnitTest.cpp; sourceTree = "<group>"; };
		5F1F386A2AF64C6D0003BA8D /* UnitTest.hpp */ = {isa = PBXFileReference; lastKnownFileType = sourcecode.cpp.h; path = UnitTest.hpp; sourceTree = "<group>"; };
		5F1F386C2AF66E430003BA8D /* TestCase.cpp */ = {isa = PBXFileReference; lastKnownFileType = sourcecode.cpp.cpp; path = TestCase.cpp; sourceTree = "<group>"; };
		5F1F386D2AF66E430003BA8D /* TestCase.hpp */ = {isa = PBXFileReference; lastKnownFileType = sourcecode.cpp.h; path = TestCase.hpp; sourceTree = "<group>"; };
		5F1F386F2AF680240003BA8D /* Vector2DTest.cpp */ = {isa = PBXFileReference; lastKnownFileType = sourcecode.cpp.cpp; path = Vector2DTest.cpp; sourceTree = "<group>"; };
		5F1F38712AF681180003BA8D /* Vector2DTest.hpp */ = {isa = PBXFileReference; lastKnownFileType = sourcecode.cpp.h; path = Vector2DTest.hpp; sourceTree = "<group>"; };
		5F25A90B2AEE632D00A87254 /* tears */ = {isa = PBXFileReference; explicitFileType = "compiled.mach-o.executable"; includeInIndex = 0; path = tears; sourceTree = BUILT_PRODUCTS_DIR; };
		5F25A90E2AEE632D00A87254 /* main.cpp */ = {isa = PBXFileReference; lastKnownFileType = sourcecode.cpp.cpp; path = main.cpp; sourceTree = "<group>"; };
/* End PBXFileReference section */

/* Begin PBXFrameworksBuildPhase section */
		5F25A9082AEE632D00A87254 /* Frameworks */ = {
			isa = PBXFrameworksBuildPhase;
			buildActionMask = 2147483647;
			files = (
			);
			runOnlyForDeploymentPostprocessing = 0;
		};
/* End PBXFrameworksBuildPhase section */

/* Begin PBXGroup section */
		5F1F38642AF600DB0003BA8D /* math */ = {
			isa = PBXGroup;
			children = (
				5F1F38662AF600EE0003BA8D /* Vector2D.hpp */,
				5F1F38652AF600EE0003BA8D /* Vector2D.cpp */,
			);
			path = math;
			sourceTree = "<group>";
		};
		5F1F38682AF649B90003BA8D /* tests */ = {
			isa = PBXGroup;
			children = (
				5F1F386D2AF66E430003BA8D /* TestCase.hpp */,
				5F1F386C2AF66E430003BA8D /* TestCase.cpp */,
				5F1F386A2AF64C6D0003BA8D /* UnitTest.hpp */,
				5F1F38692AF64C6D0003BA8D /* UnitTest.cpp */,
				5F1F38712AF681180003BA8D /* Vector2DTest.hpp */,
				5F1F386F2AF680240003BA8D /* Vector2DTest.cpp */,
			);
			path = tests;
			sourceTree = "<group>";
		};
		5F25A9022AEE632D00A87254 = {
			isa = PBXGroup;
			children = (
				5F25A90D2AEE632D00A87254 /* tears */,
				5F25A90C2AEE632D00A87254 /* Products */,
			);
			sourceTree = "<group>";
		};
		5F25A90C2AEE632D00A87254 /* Products */ = {
			isa = PBXGroup;
			children = (
				5F25A90B2AEE632D00A87254 /* tears */,
			);
			name = Products;
			sourceTree = "<group>";
		};
		5F25A90D2AEE632D00A87254 /* tears */ = {
			isa = PBXGroup;
			children = (
				5F25A90E2AEE632D00A87254 /* main.cpp */,
				5F1F38642AF600DB0003BA8D /* math */,
				5F1F38682AF649B90003BA8D /* tests */,
			);
			path = tears;
			sourceTree = "<group>";
		};
/* End PBXGroup section */

/* Begin PBXNativeTarget section */
		5F25A90A2AEE632D00A87254 /* tears */ = {
			isa = PBXNativeTarget;
			buildConfigurationList = 5F25A9122AEE632D00A87254 /* Build configuration list for PBXNativeTarget "tears" */;
			buildPhases = (
				5F25A9072AEE632D00A87254 /* Sources */,
				5F25A9082AEE632D00A87254 /* Frameworks */,
				5F25A9092AEE632D00A87254 /* CopyFiles */,
			);
			buildRules = (
			);
			dependencies = (
			);
			name = tears;
			productName = tears;
			productReference = 5F25A90B2AEE632D00A87254 /* tears */;
			productType = "com.apple.product-type.tool";
		};
/* End PBXNativeTarget section */

/* Begin PBXProject section */
		5F25A9032AEE632D00A87254 /* Project object */ = {
			isa = PBXProject;
			attributes = {
				BuildIndependentTargetsInParallel = 1;
				LastUpgradeCheck = 1500;
				ORGANIZATIONNAME = "tears team";
				TargetAttributes = {
					5F25A90A2AEE632D00A87254 = {
						CreatedOnToolsVersion = 15.0.1;
					};
				};
			};
			buildConfigurationList = 5F25A9062AEE632D00A87254 /* Build configuration list for PBXProject "tears" */;
			compatibilityVersion = "Xcode 14.0";
			developmentRegion = en;
			hasScannedForEncodings = 0;
			knownRegions = (
				en,
				Base,
			);
			mainGroup = 5F25A9022AEE632D00A87254;
			productRefGroup = 5F25A90C2AEE632D00A87254 /* Products */;
			projectDirPath = "";
			projectRoot = "";
			targets = (
				5F25A90A2AEE632D00A87254 /* tears */,
			);
		};
/* End PBXProject section */

/* Begin PBXSourcesBuildPhase section */
		5F25A9072AEE632D00A87254 /* Sources */ = {
			isa = PBXSourcesBuildPhase;
			buildActionMask = 2147483647;
			files = (
				5F1F38672AF600EE0003BA8D /* Vector2D.cpp in Sources */,
				5F1F386E2AF66E430003BA8D /* TestCase.cpp in Sources */,
				5F1F386B2AF64C6D0003BA8D /* UnitTest.cpp in Sources */,
				5F1F38702AF680240003BA8D /* Vector2DTest.cpp in Sources */,
				5F25A90F2AEE632D00A87254 /* main.cpp in Sources */,
			);
			runOnlyForDeploymentPostprocessing = 0;
		};
/* End PBXSourcesBuildPhase section */

/* Begin XCBuildConfiguration section */
		5F25A9102AEE632D00A87254 /* Debug */ = {
			isa = XCBuildConfiguration;
			buildSettings = {
				ALWAYS_SEARCH_USER_PATHS = NO;
				ASSETCATALOG_COMPILER_GENERATE_SWIFT_ASSET_SYMBOL_EXTENSIONS = YES;
				CLANG_ANALYZER_NONNULL = YES;
				CLANG_ANALYZER_NUMBER_OBJECT_CONVERSION = YES_AGGRESSIVE;
				CLANG_CXX_LANGUAGE_STANDARD = "gnu++20";
				CLANG_ENABLE_MODULES = YES;
				CLANG_ENABLE_OBJC_ARC = YES;
				CLANG_ENABLE_OBJC_WEAK = YES;
				CLANG_WARN_BLOCK_CAPTURE_AUTORELEASING = YES;
				CLANG_WARN_BOOL_CONVERSION = YES;
				CLANG_WARN_COMMA = YES;
				CLANG_WARN_CONSTANT_CONVERSION = YES;
				CLANG_WARN_DEPRECATED_OBJC_IMPLEMENTATIONS = YES;
				CLANG_WARN_DIRECT_OBJC_ISA_USAGE = YES_ERROR;
				CLANG_WARN_DOCUMENTATION_COMMENTS = YES;
				CLANG_WARN_EMPTY_BODY = YES;
				CLANG_WARN_ENUM_CONVERSION = YES;
				CLANG_WARN_INFINITE_RECURSION = YES;
				CLANG_WARN_INT_CONVERSION = YES;
				CLANG_WARN_NON_LITERAL_NULL_CONVERSION = YES;
				CLANG_WARN_OBJC_IMPLICIT_RETAIN_SELF = YES;
				CLANG_WARN_OBJC_LITERAL_CONVERSION = YES;
				CLANG_WARN_OBJC_ROOT_CLASS = YES_ERROR;
				CLANG_WARN_QUOTED_INCLUDE_IN_FRAMEWORK_HEADER = YES;
				CLANG_WARN_RANGE_LOOP_ANALYSIS = YES;
				CLANG_WARN_STRICT_PROTOTYPES = YES;
				CLANG_WARN_SUSPICIOUS_MOVE = YES;
				CLANG_WARN_UNGUARDED_AVAILABILITY = YES_AGGRESSIVE;
				CLANG_WARN_UNREACHABLE_CODE = YES;
				CLANG_WARN__DUPLICATE_METHOD_MATCH = YES;
				COPY_PHASE_STRIP = NO;
				DEBUG_INFORMATION_FORMAT = dwarf;
				ENABLE_STRICT_OBJC_MSGSEND = YES;
				ENABLE_TESTABILITY = YES;
				ENABLE_USER_SCRIPT_SANDBOXING = YES;
				GCC_C_LANGUAGE_STANDARD = gnu17;
				GCC_DYNAMIC_NO_PIC = NO;
				GCC_NO_COMMON_BLOCKS = YES;
				GCC_OPTIMIZATION_LEVEL = 0;
				GCC_PREPROCESSOR_DEFINITIONS = (
					"DEBUG=1",
					"$(inherited)",
				);
				GCC_WARN_64_TO_32_BIT_CONVERSION = YES;
				GCC_WARN_ABOUT_RETURN_TYPE = YES_ERROR;
				GCC_WARN_UNDECLARED_SELECTOR = YES;
				GCC_WARN_UNINITIALIZED_AUTOS = YES_AGGRESSIVE;
				GCC_WARN_UNUSED_FUNCTION = YES;
				GCC_WARN_UNUSED_VARIABLE = YES;
				LOCALIZATION_PREFERS_STRING_CATALOGS = YES;
				MACOSX_DEPLOYMENT_TARGET = 14.0;
				MTL_ENABLE_DEBUG_INFO = INCLUDE_SOURCE;
				MTL_FAST_MATH = YES;
				ONLY_ACTIVE_ARCH = YES;
				SDKROOT = macosx;
			};
			name = Debug;
		};
		5F25A9112AEE632D00A87254 /* Release */ = {
			isa = XCBuildConfiguration;
			buildSettings = {
				ALWAYS_SEARCH_USER_PATHS = NO;
				ASSETCATALOG_COMPILER_GENERATE_SWIFT_ASSET_SYMBOL_EXTENSIONS = YES;
				CLANG_ANALYZER_NONNULL = YES;
				CLANG_ANALYZER_NUMBER_OBJECT_CONVERSION = YES_AGGRESSIVE;
				CLANG_CXX_LANGUAGE_STANDARD = "gnu++20";
				CLANG_ENABLE_MODULES = YES;
				CLANG_ENABLE_OBJC_ARC = YES;
				CLANG_ENABLE_OBJC_WEAK = YES;
				CLANG_WARN_BLOCK_CAPTURE_AUTORELEASING = YES;
				CLANG_WARN_BOOL_CONVERSION = YES;
				CLANG_WARN_COMMA = YES;
				CLANG_WARN_CONSTANT_CONVERSION = YES;
				CLANG_WARN_DEPRECATED_OBJC_IMPLEMENTATIONS = YES;
				CLANG_WARN_DIRECT_OBJC_ISA_USAGE = YES_ERROR;
				CLANG_WARN_DOCUMENTATION_COMMENTS = YES;
				CLANG_WARN_EMPTY_BODY = YES;
				CLANG_WARN_ENUM_CONVERSION = YES;
				CLANG_WARN_INFINITE_RECURSION = YES;
				CLANG_WARN_INT_CONVERSION = YES;
				CLANG_WARN_NON_LITERAL_NULL_CONVERSION = YES;
				CLANG_WARN_OBJC_IMPLICIT_RETAIN_SELF = YES;
				CLANG_WARN_OBJC_LITERAL_CONVERSION = YES;
				CLANG_WARN_OBJC_ROOT_CLASS = YES_ERROR;
				CLANG_WARN_QUOTED_INCLUDE_IN_FRAMEWORK_HEADER = YES;
				CLANG_WARN_RANGE_LOOP_ANALYSIS = YES;
				CLANG_WARN_STRICT_PROTOTYPES = YES;
				CLANG_WARN_SUSPICIOUS_MOVE = YES;
				CLANG_WARN_UNGUARDED_AVAILABILITY = YES_AGGRESSIVE;
				CLANG_WARN_UNREACHABLE_CODE = YES;
				CLANG_WARN__DUPLICATE_METHOD_MATCH = YES;
				COPY_PHASE_STRIP = NO;
				DEBUG_INFORMATION_FORMAT = "dwarf-with-dsym";
				ENABLE_NS_ASSERTIONS = NO;
				ENABLE_STRICT_OBJC_MSGSEND = YES;
				ENABLE_USER_SCRIPT_SANDBOXING = YES;
				GCC_C_LANGUAGE_STANDARD = gnu17;
				GCC_NO_COMMON_BLOCKS = YES;
				GCC_WARN_64_TO_32_BIT_CONVERSION = YES;
				GCC_WARN_ABOUT_RETURN_TYPE = YES_ERROR;
				GCC_WARN_UNDECLARED_SELECTOR = YES;
				GCC_WARN_UNINITIALIZED_AUTOS = YES_AGGRESSIVE;
				GCC_WARN_UNUSED_FUNCTION = YES;
				GCC_WARN_UNUSED_VARIABLE = YES;
				LOCALIZATION_PREFERS_STRING_CATALOGS = YES;
				MACOSX_DEPLOYMENT_TARGET = 14.0;
				MTL_ENABLE_DEBUG_INFO = NO;
				MTL_FAST_MATH = YES;
				SDKROOT = macosx;
			};
			name = Release;
		};
		5F25A9132AEE632D00A87254 /* Debug */ = {
			isa = XCBuildConfiguration;
			buildSettings = {
				CODE_SIGN_STYLE = Automatic;
				DEVELOPMENT_TEAM = 5Q4V349Q94;
				ENABLE_HARDENED_RUNTIME = YES;
				PRODUCT_NAME = "$(TARGET_NAME)";
			};
			name = Debug;
		};
		5F25A9142AEE632D00A87254 /* Release */ = {
			isa = XCBuildConfiguration;
			buildSettings = {
				CODE_SIGN_STYLE = Automatic;
				DEVELOPMENT_TEAM = 5Q4V349Q94;
				ENABLE_HARDENED_RUNTIME = YES;
				PRODUCT_NAME = "$(TARGET_NAME)";
			};
			name = Release;
		};
/* End XCBuildConfiguration section */

/* Begin XCConfigurationList section */
		5F25A9062AEE632D00A87254 /* Build configuration list for PBXProject "tears" */ = {
			isa = XCConfigurationList;
			buildConfigurations = (
				5F25A9102AEE632D00A87254 /* Debug */,
				5F25A9112AEE632D00A87254 /* Release */,
			);
			defaultConfigurationIsVisible = 0;
			defaultConfigurationName = Release;
		};
		5F25A9122AEE632D00A87254 /* Build configuration list for PBXNativeTarget "tears" */ = {
			isa = XCConfigurationList;
			buildConfigurations = (
				5F25A9132AEE632D00A87254 /* Debug */,
				5F25A9142AEE632D00A87254 /* Release */,
			);
			defaultConfigurationIsVisible = 0;
			defaultConfigurationName = Release;
		};
/* End XCConfigurationList section */
	};
	rootObject = 5F25A9032AEE632D00A87254 /* Project object */;
}
